
Microsoft Visual Studio Solution File, Format Version 12.00
# Visual Studio Version 17
VisualStudioVersion = 17.11.35222.181
MinimumVisualStudioVersion = 10.0.40219.1
Project("{FAE04EC0-301F-11D3-BF4B-00C04F79EFBC}") = "CinePlay", "CinePlay\CinePlay.csproj", "{B59C4F0C-9320-4C6E-A66F-3289CD43A666}"
EndProject
Global
	GlobalSection(SolutionConfigurationPlatforms) = preSolution
		Debug|Any CPU = Debug|Any CPU
		Release|Any CPU = Release|Any CPU
	EndGlobalSection
	GlobalSection(ProjectConfigurationPlatforms) = postSolution
		{B59C4F0C-9320-4C6E-A66F-3289CD43A666}.Debug|Any CPU.ActiveCfg = Debug|Any CPU
		{B59C4F0C-9320-4C6E-A66F-3289CD43A666}.Debug|Any CPU.Build.0 = Debug|Any CPU
		{B59C4F0C-9320-4C6E-A66F-3289CD43A666}.Release|Any CPU.ActiveCfg = Release|Any CPU
		{B59C4F0C-9320-4C6E-A66F-3289CD43A666}.Release|Any CPU.Build.0 = Release|Any CPU
	EndGlobalSection
	GlobalSection(SolutionProperties) = preSolution
		HideSolutionNode = FALSE
	EndGlobalSection
	GlobalSection(ExtensibilityGlobals) = postSolution
		SolutionGuid = {96C06729-64BD-4E76-B3E0-4C1E7B99F5C3}
	EndGlobalSection
EndGlobal
